// !$*UTF8*$!
{
	archiveVersion = 1;
	classes = {
	};
	objectVersion = 50;
	objects = {

/* Begin PBXBuildFile section */
		39E5AA54242D0F4D00741166 /* AppDelegate.swift in Sources */ = {isa = PBXBuildFile; fileRef = 39E5AA53242D0F4D00741166 /* AppDelegate.swift */; };
		39E5AA56242D0F4D00741166 /* SceneDelegate.swift in Sources */ = {isa = PBXBuildFile; fileRef = 39E5AA55242D0F4D00741166 /* SceneDelegate.swift */; };
		39E5AA58242D0F4D00741166 /* ViewController.swift in Sources */ = {isa = PBXBuildFile; fileRef = 39E5AA57242D0F4D00741166 /* ViewController.swift */; };
		39E5AA5B242D0F4D00741166 /* Main.storyboard in Resources */ = {isa = PBXBuildFile; fileRef = 39E5AA59242D0F4D00741166 /* Main.storyboard */; };
		39E5AA5D242D0F4F00741166 /* Assets.xcassets in Resources */ = {isa = PBXBuildFile; fileRef = 39E5AA5C242D0F4F00741166 /* Assets.xcassets */; };
		39E5AA60242D0F4F00741166 /* LaunchScreen.storyboard in Resources */ = {isa = PBXBuildFile; fileRef = 39E5AA5E242D0F4F00741166 /* LaunchScreen.storyboard */; };
		39E5AA6B242D0F4F00741166 /* ArloTestTests.swift in Sources */ = {isa = PBXBuildFile; fileRef = 39E5AA6A242D0F4F00741166 /* ArloTestTests.swift */; };
		39E5AA76242D0FD800741166 /* Employee.swift in Sources */ = {isa = PBXBuildFile; fileRef = 39E5AA75242D0FD800741166 /* Employee.swift */; };
		39E5AA78242D102700741166 /* EmployeeViewModel.swift in Sources */ = {isa = PBXBuildFile; fileRef = 39E5AA77242D102700741166 /* EmployeeViewModel.swift */; };
		39E5AA7A242D103B00741166 /* EmployeeNetworking.swift in Sources */ = {isa = PBXBuildFile; fileRef = 39E5AA79242D103B00741166 /* EmployeeNetworking.swift */; };
		39E5AA7C242D14BA00741166 /* EmployeeTVCell.swift in Sources */ = {isa = PBXBuildFile; fileRef = 39E5AA7B242D14BA00741166 /* EmployeeTVCell.swift */; };
/* End PBXBuildFile section */

/* Begin PBXContainerItemProxy section */
		39E5AA67242D0F4F00741166 /* PBXContainerItemProxy */ = {
			isa = PBXContainerItemProxy;
			containerPortal = 39E5AA48242D0F4D00741166 /* Project object */;
			proxyType = 1;
			remoteGlobalIDString = 39E5AA4F242D0F4D00741166;
			remoteInfo = ArloTest;
		};
/* End PBXContainerItemProxy section */

/* Begin PBXFileReference section */
		39E5AA50242D0F4D00741166 /* ArloTest.app */ = {isa = PBXFileReference; explicitFileType = wrapper.application; includeInIndex = 0; path = ArloTest.app; sourceTree = BUILT_PRODUCTS_DIR; };
		39E5AA53242D0F4D00741166 /* AppDelegate.swift */ = {isa = PBXFileReference; lastKnownFileType = sourcecode.swift; path = AppDelegate.swift; sourceTree = "<group>"; };
		39E5AA55242D0F4D00741166 /* SceneDelegate.swift */ = {isa = PBXFileReference; lastKnownFileType = sourcecode.swift; path = SceneDelegate.swift; sourceTree = "<group>"; };
		39E5AA57242D0F4D00741166 /* ViewController.swift */ = {isa = PBXFileReference; lastKnownFileType = sourcecode.swift; path = ViewController.swift; sourceTree = "<group>"; };
		39E5AA5A242D0F4D00741166 /* Base */ = {isa = PBXFileReference; lastKnownFileType = file.storyboard; name = Base; path = Base.lproj/Main.storyboard; sourceTree = "<group>"; };
		39E5AA5C242D0F4F00741166 /* Assets.xcassets */ = {isa = PBXFileReference; lastKnownFileType = folder.assetcatalog; path = Assets.xcassets; sourceTree = "<group>"; };
		39E5AA5F242D0F4F00741166 /* Base */ = {isa = PBXFileReference; lastKnownFileType = file.storyboard; name = Base; path = Base.lproj/LaunchScreen.storyboard; sourceTree = "<group>"; };
		39E5AA61242D0F4F00741166 /* Info.plist */ = {isa = PBXFileReference; lastKnownFileType = text.plist.xml; path = Info.plist; sourceTree = "<group>"; };
		39E5AA66242D0F4F00741166 /* ArloTestTests.xctest */ = {isa = PBXFileReference; explicitFileType = wrapper.cfbundle; includeInIndex = 0; path = ArloTestTests.xctest; sourceTree = BUILT_PRODUCTS_DIR; };
		39E5AA6A242D0F4F00741166 /* ArloTestTests.swift */ = {isa = PBXFileReference; lastKnownFileType = sourcecode.swift; path = ArloTestTests.swift; sourceTree = "<group>"; };
		39E5AA6C242D0F4F00741166 /* Info.plist */ = {isa = PBXFileReference; lastKnownFileType = text.plist.xml; path = Info.plist; sourceTree = "<group>"; };
		39E5AA75242D0FD800741166 /* Employee.swift */ = {isa = PBXFileReference; lastKnownFileType = sourcecode.swift; path = Employee.swift; sourceTree = "<group>"; };
		39E5AA77242D102700741166 /* EmployeeViewModel.swift */ = {isa = PBXFileReference; lastKnownFileType = sourcecode.swift; path = EmployeeViewModel.swift; sourceTree = "<group>"; };
		39E5AA79242D103B00741166 /* EmployeeNetworking.swift */ = {isa = PBXFileReference; lastKnownFileType = sourcecode.swift; path = EmployeeNetworking.swift; sourceTree = "<group>"; };
		39E5AA7B242D14BA00741166 /* EmployeeTVCell.swift */ = {isa = PBXFileReference; lastKnownFileType = sourcecode.swift; path = EmployeeTVCell.swift; sourceTree = "<group>"; };
/* End PBXFileReference section */

/* Begin PBXFrameworksBuildPhase section */
		39E5AA4D242D0F4D00741166 /* Frameworks */ = {
			isa = PBXFrameworksBuildPhase;
			buildActionMask = 2147483647;
			files = (
			);
			runOnlyForDeploymentPostprocessing = 0;
		};
		39E5AA63242D0F4F00741166 /* Frameworks */ = {
			isa = PBXFrameworksBuildPhase;
			buildActionMask = 2147483647;
			files = (
			);
			runOnlyForDeploymentPostprocessing = 0;
		};
/* End PBXFrameworksBuildPhase section */

/* Begin PBXGroup section */
		39E5AA47242D0F4D00741166 = {
			isa = PBXGroup;
			children = (
				39E5AA52242D0F4D00741166 /* ArloTest */,
				39E5AA69242D0F4F00741166 /* ArloTestTests */,
				39E5AA51242D0F4D00741166 /* Products */,
			);
			sourceTree = "<group>";
		};
		39E5AA51242D0F4D00741166 /* Products */ = {
			isa = PBXGroup;
			children = (
				39E5AA50242D0F4D00741166 /* ArloTest.app */,
				39E5AA66242D0F4F00741166 /* ArloTestTests.xctest */,
			);
			name = Products;
			sourceTree = "<group>";
		};
		39E5AA52242D0F4D00741166 /* ArloTest */ = {
			isa = PBXGroup;
			children = (
				39E5AA53242D0F4D00741166 /* AppDelegate.swift */,
				39E5AA55242D0F4D00741166 /* SceneDelegate.swift */,
				39E5AA57242D0F4D00741166 /* ViewController.swift */,
				39E5AA7B242D14BA00741166 /* EmployeeTVCell.swift */,
				39E5AA59242D0F4D00741166 /* Main.storyboard */,
				39E5AA5C242D0F4F00741166 /* Assets.xcassets */,
				39E5AA5E242D0F4F00741166 /* LaunchScreen.storyboard */,
				39E5AA61242D0F4F00741166 /* Info.plist */,
				39E5AA75242D0FD800741166 /* Employee.swift */,
				39E5AA77242D102700741166 /* EmployeeViewModel.swift */,
				39E5AA79242D103B00741166 /* EmployeeNetworking.swift */,
			);
			path = ArloTest;
			sourceTree = "<group>";
		};
		39E5AA69242D0F4F00741166 /* ArloTestTests */ = {
			isa = PBXGroup;
			children = (
				39E5AA6A242D0F4F00741166 /* ArloTestTests.swift */,
				39E5AA6C242D0F4F00741166 /* Info.plist */,
			);
			path = ArloTestTests;
			sourceTree = "<group>";
		};
/* End PBXGroup section */

/* Begin PBXNativeTarget section */
		39E5AA4F242D0F4D00741166 /* ArloTest */ = {
			isa = PBXNativeTarget;
			buildConfigurationList = 39E5AA6F242D0F4F00741166 /* Build configuration list for PBXNativeTarget "ArloTest" */;
			buildPhases = (
				39E5AA4C242D0F4D00741166 /* Sources */,
				39E5AA4D242D0F4D00741166 /* Frameworks */,
				39E5AA4E242D0F4D00741166 /* Resources */,
			);
			buildRules = (
			);
			dependencies = (
			);
			name = ArloTest;
			productName = ArloTest;
			productReference = 39E5AA50242D0F4D00741166 /* ArloTest.app */;
			productType = "com.apple.product-type.application";
		};
		39E5AA65242D0F4F00741166 /* ArloTestTests */ = {
			isa = PBXNativeTarget;
			buildConfigurationList = 39E5AA72242D0F4F00741166 /* Build configuration list for PBXNativeTarget "ArloTestTests" */;
			buildPhases = (
				39E5AA62242D0F4F00741166 /* Sources */,
				39E5AA63242D0F4F00741166 /* Frameworks */,
				39E5AA64242D0F4F00741166 /* Resources */,
			);
			buildRules = (
			);
			dependencies = (
				39E5AA68242D0F4F00741166 /* PBXTargetDependency */,
			);
			name = ArloTestTests;
			productName = ArloTestTests;
			productReference = 39E5AA66242D0F4F00741166 /* ArloTestTests.xctest */;
			productType = "com.apple.product-type.bundle.unit-test";
		};
/* End PBXNativeTarget section */

/* Begin PBXProject section */
		39E5AA48242D0F4D00741166 /* Project object */ = {
			isa = PBXProject;
			attributes = {
				LastSwiftUpdateCheck = 1130;
				LastUpgradeCheck = 1130;
				ORGANIZATIONNAME = Lee;
				TargetAttributes = {
					39E5AA4F242D0F4D00741166 = {
						CreatedOnToolsVersion = 11.3;
					};
					39E5AA65242D0F4F00741166 = {
						CreatedOnToolsVersion = 11.3;
						TestTargetID = 39E5AA4F242D0F4D00741166;
					};
				};
			};
			buildConfigurationList = 39E5AA4B242D0F4D00741166 /* Build configuration list for PBXProject "ArloTest" */;
			compatibilityVersion = "Xcode 9.3";
			developmentRegion = en;
			hasScannedForEncodings = 0;
			knownRegions = (
				en,
				Base,
			);
			mainGroup = 39E5AA47242D0F4D00741166;
			productRefGroup = 39E5AA51242D0F4D00741166 /* Products */;
			projectDirPath = "";
			projectRoot = "";
			targets = (
				39E5AA4F242D0F4D00741166 /* ArloTest */,
				39E5AA65242D0F4F00741166 /* ArloTestTests */,
			);
		};
/* End PBXProject section */

/* Begin PBXResourcesBuildPhase section */
		39E5AA4E242D0F4D00741166 /* Resources */ = {
			isa = PBXResourcesBuildPhase;
			buildActionMask = 2147483647;
			files = (
				39E5AA60242D0F4F00741166 /* LaunchScreen.storyboard in Resources */,
				39E5AA5D242D0F4F00741166 /* Assets.xcassets in Resources */,
				39E5AA5B242D0F4D00741166 /* Main.storyboard in Resources */,
			);
			runOnlyForDeploymentPostprocessing = 0;
		};
		39E5AA64242D0F4F00741166 /* Resources */ = {
			isa = PBXResourcesBuildPhase;
			buildActionMask = 2147483647;
			files = (
			);
			runOnlyForDeploymentPostprocessing = 0;
		};
/* End PBXResourcesBuildPhase section */

/* Begin PBXSourcesBuildPhase section */
		39E5AA4C242D0F4D00741166 /* Sources */ = {
			isa = PBXSourcesBuildPhase;
			buildActionMask = 2147483647;
			files = (
				39E5AA58242D0F4D00741166 /* ViewController.swift in Sources */,
				39E5AA54242D0F4D00741166 /* AppDelegate.swift in Sources */,
				39E5AA7C242D14BA00741166 /* EmployeeTVCell.swift in Sources */,
				39E5AA56242D0F4D00741166 /* SceneDelegate.swift in Sources */,
				39E5AA7A242D103B00741166 /* EmployeeNetworking.swift in Sources */,
				39E5AA78242D102700741166 /* EmployeeViewModel.swift in Sources */,
				39E5AA76242D0FD800741166 /* Employee.swift in Sources */,
			);
			runOnlyForDeploymentPostprocessing = 0;
		};
		39E5AA62242D0F4F00741166 /* Sources */ = {
			isa = PBXSourcesBuildPhase;
			buildActionMask = 2147483647;
			files = (
				39E5AA6B242D0F4F00741166 /* ArloTestTests.swift in Sources */,
			);
			runOnlyForDeploymentPostprocessing = 0;
		};
/* End PBXSourcesBuildPhase section */

/* Begin PBXTargetDependency section */
		39E5AA68242D0F4F00741166 /* PBXTargetDependency */ = {
			isa = PBXTargetDependency;
			target = 39E5AA4F242D0F4D00741166 /* ArloTest */;
			targetProxy = 39E5AA67242D0F4F00741166 /* PBXContainerItemProxy */;
		};
/* End PBXTargetDependency section */

/* Begin PBXVariantGroup section */
		39E5AA59242D0F4D00741166 /* Main.storyboard */ = {
			isa = PBXVariantGroup;
			children = (
				39E5AA5A242D0F4D00741166 /* Base */,
			);
			name = Main.storyboard;
			sourceTree = "<group>";
		};
		39E5AA5E242D0F4F00741166 /* LaunchScreen.storyboard */ = {
			isa = PBXVariantGroup;
			children = (
				39E5AA5F242D0F4F00741166 /* Base */,
			);
			name = LaunchScreen.storyboard;
			sourceTree = "<group>";
		};
/* End PBXVariantGroup section */

/* Begin XCBuildConfiguration section */
		39E5AA6D242D0F4F00741166 /* Debug */ = {
			isa = XCBuildConfiguration;
			buildSettings = {
				ALWAYS_SEARCH_USER_PATHS = NO;
				CLANG_ANALYZER_NONNULL = YES;
				CLANG_ANALYZER_NUMBER_OBJECT_CONVERSION = YES_AGGRESSIVE;
				CLANG_CXX_LANGUAGE_STANDARD = "gnu++14";
				CLANG_CXX_LIBRARY = "libc++";
				CLANG_ENABLE_MODULES = YES;
				CLANG_ENABLE_OBJC_ARC = YES;
				CLANG_ENABLE_OBJC_WEAK = YES;
				CLANG_WARN_BLOCK_CAPTURE_AUTORELEASING = YES;
				CLANG_WARN_BOOL_CONVERSION = YES;
				CLANG_WARN_COMMA = YES;
				CLANG_WARN_CONSTANT_CONVERSION = YES;
				CLANG_WARN_DEPRECATED_OBJC_IMPLEMENTATIONS = YES;
				CLANG_WARN_DIRECT_OBJC_ISA_USAGE = YES_ERROR;
				CLANG_WARN_DOCUMENTATION_COMMENTS = YES;
				CLANG_WARN_EMPTY_BODY = YES;
				CLANG_WARN_ENUM_CONVERSION = YES;
				CLANG_WARN_INFINITE_RECURSION = YES;
				CLANG_WARN_INT_CONVERSION = YES;
				CLANG_WARN_NON_LITERAL_NULL_CONVERSION = YES;
				CLANG_WARN_OBJC_IMPLICIT_RETAIN_SELF = YES;
				CLANG_WARN_OBJC_LITERAL_CONVERSION = YES;
				CLANG_WARN_OBJC_ROOT_CLASS = YES_ERROR;
				CLANG_WARN_RANGE_LOOP_ANALYSIS = YES;
				CLANG_WARN_STRICT_PROTOTYPES = YES;
				CLANG_WARN_SUSPICIOUS_MOVE = YES;
				CLANG_WARN_UNGUARDED_AVAILABILITY = YES_AGGRESSIVE;
				CLANG_WARN_UNREACHABLE_CODE = YES;
				CLANG_WARN__DUPLICATE_METHOD_MATCH = YES;
				COPY_PHASE_STRIP = NO;
				DEBUG_INFORMATION_FORMAT = dwarf;
				ENABLE_STRICT_OBJC_MSGSEND = YES;
				ENABLE_TESTABILITY = YES;
				GCC_C_LANGUAGE_STANDARD = gnu11;
				GCC_DYNAMIC_NO_PIC = NO;
				GCC_NO_COMMON_BLOCKS = YES;
				GCC_OPTIMIZATION_LEVEL = 0;
				GCC_PREPROCESSOR_DEFINITIONS = (
					"DEBUG=1",
					"$(inherited)",
				);
				GCC_WARN_64_TO_32_BIT_CONVERSION = YES;
				GCC_WARN_ABOUT_RETURN_TYPE = YES_ERROR;
				GCC_WARN_UNDECLARED_SELECTOR = YES;
				GCC_WARN_UNINITIALIZED_AUTOS = YES_AGGRESSIVE;
				GCC_WARN_UNUSED_FUNCTION = YES;
				GCC_WARN_UNUSED_VARIABLE = YES;
				IPHONEOS_DEPLOYMENT_TARGET = 13.2;
				MTL_ENABLE_DEBUG_INFO = INCLUDE_SOURCE;
				MTL_FAST_MATH = YES;
				ONLY_ACTIVE_ARCH = YES;
				SDKROOT = iphoneos;
				SWIFT_ACTIVE_COMPILATION_CONDITIONS = DEBUG;
				SWIFT_OPTIMIZATION_LEVEL = "-Onone";
			};
			name = Debug;
		};
		39E5AA6E242D0F4F00741166 /* Release */ = {
			isa = XCBuildConfiguration;
			buildSettings = {
				ALWAYS_SEARCH_USER_PATHS = NO;
				CLANG_ANALYZER_NONNULL = YES;
				CLANG_ANALYZER_NUMBER_OBJECT_CONVERSION = YES_AGGRESSIVE;
				CLANG_CXX_LANGUAGE_STANDARD = "gnu++14";
				CLANG_CXX_LIBRARY = "libc++";
				CLANG_ENABLE_MODULES = YES;
				CLANG_ENABLE_OBJC_ARC = YES;
				CLANG_ENABLE_OBJC_WEAK = YES;
				CLANG_WARN_BLOCK_CAPTURE_AUTORELEASING = YES;
				CLANG_WARN_BOOL_CONVERSION = YES;
				CLANG_WARN_COMMA = YES;
				CLANG_WARN_CONSTANT_CONVERSION = YES;
				CLANG_WARN_DEPRECATED_OBJC_IMPLEMENTATIONS = YES;
				CLANG_WARN_DIRECT_OBJC_ISA_USAGE = YES_ERROR;
				CLANG_WARN_DOCUMENTATION_COMMENTS = YES;
				CLANG_WARN_EMPTY_BODY = YES;
				CLANG_WARN_ENUM_CONVERSION = YES;
				CLANG_WARN_INFINITE_RECURSION = YES;
				CLANG_WARN_INT_CONVERSION = YES;
				CLANG_WARN_NON_LITERAL_NULL_CONVERSION = YES;
				CLANG_WARN_OBJC_IMPLICIT_RETAIN_SELF = YES;
				CLANG_WARN_OBJC_LITERAL_CONVERSION = YES;
				CLANG_WARN_OBJC_ROOT_CLASS = YES_ERROR;
				CLANG_WARN_RANGE_LOOP_ANALYSIS = YES;
				CLANG_WARN_STRICT_PROTOTYPES = YES;
				CLANG_WARN_SUSPICIOUS_MOVE = YES;
				CLANG_WARN_UNGUARDED_AVAILABILITY = YES_AGGRESSIVE;
				CLANG_WARN_UNREACHABLE_CODE = YES;
				CLANG_WARN__DUPLICATE_METHOD_MATCH = YES;
				COPY_PHASE_STRIP = NO;
				DEBUG_INFORMATION_FORMAT = "dwarf-with-dsym";
				ENABLE_NS_ASSERTIONS = NO;
				ENABLE_STRICT_OBJC_MSGSEND = YES;
				GCC_C_LANGUAGE_STANDARD = gnu11;
				GCC_NO_COMMON_BLOCKS = YES;
				GCC_WARN_64_TO_32_BIT_CONVERSION = YES;
				GCC_WARN_ABOUT_RETURN_TYPE = YES_ERROR;
				GCC_WARN_UNDECLARED_SELECTOR = YES;
				GCC_WARN_UNINITIALIZED_AUTOS = YES_AGGRESSIVE;
				GCC_WARN_UNUSED_FUNCTION = YES;
				GCC_WARN_UNUSED_VARIABLE = YES;
				IPHONEOS_DEPLOYMENT_TARGET = 13.2;
				MTL_ENABLE_DEBUG_INFO = NO;
				MTL_FAST_MATH = YES;
				SDKROOT = iphoneos;
				SWIFT_COMPILATION_MODE = wholemodule;
				SWIFT_OPTIMIZATION_LEVEL = "-O";
				VALIDATE_PRODUCT = YES;
			};
			name = Release;
		};
		39E5AA70242D0F4F00741166 /* Debug */ = {
			isa = XCBuildConfiguration;
			buildSettings = {
				ASSETCATALOG_COMPILER_APPICON_NAME = AppIcon;
				CODE_SIGN_STYLE = Automatic;
				DEVELOPMENT_TEAM = 2QPYZY5Q25;
				INFOPLIST_FILE = ArloTest/Info.plist;
				LD_RUNPATH_SEARCH_PATHS = (
					"$(inherited)",
					"@executable_path/Frameworks",
				);
				PRODUCT_BUNDLE_IDENTIFIER = com.lee.ArloTest;
				PRODUCT_NAME = "$(TARGET_NAME)";
				SWIFT_VERSION = 5.0;
				TARGETED_DEVICE_FAMILY = "1,2";
			};
			name = Debug;
		};
		39E5AA71242D0F4F00741166 /* Release */ = {
			isa = XCBuildConfiguration;
			buildSettings = {
				ASSETCATALOG_COMPILER_APPICON_NAME = AppIcon;
				CODE_SIGN_STYLE = Automatic;
				DEVELOPMENT_TEAM = 2QPYZY5Q25;
				INFOPLIST_FILE = ArloTest/Info.plist;
				LD_RUNPATH_SEARCH_PATHS = (
					"$(inherited)",
					"@executable_path/Frameworks",
				);
				PRODUCT_BUNDLE_IDENTIFIER = com.lee.ArloTest;
				PRODUCT_NAME = "$(TARGET_NAME)";
				SWIFT_VERSION = 5.0;
				TARGETED_DEVICE_FAMILY = "1,2";
			};
			name = Release;
		};
		39E5AA73242D0F4F00741166 /* Debug */ = {
			isa = XCBuildConfiguration;
			buildSettings = {
				ALWAYS_EMBED_SWIFT_STANDARD_LIBRARIES = YES;
				BUNDLE_LOADER = "$(TEST_HOST)";
				CODE_SIGN_STYLE = Automatic;
				DEVELOPMENT_TEAM = 2QPYZY5Q25;
				INFOPLIST_FILE = ArloTestTests/Info.plist;
				IPHONEOS_DEPLOYMENT_TARGET = 13.2;
				LD_RUNPATH_SEARCH_PATHS = (
					"$(inherited)",
					"@executable_path/Frameworks",
					"@loader_path/Frameworks",
				);
				PRODUCT_BUNDLE_IDENTIFIER = com.lee.ArloTestTests;
				PRODUCT_NAME = "$(TARGET_NAME)";
				SWIFT_VERSION = 5.0;
				TARGETED_DEVICE_FAMILY = "1,2";
				TEST_HOST = "$(BUILT_PRODUCTS_DIR)/ArloTest.app/ArloTest";
			};
			name = Debug;
		};
		39E5AA74242D0F4F00741166 /* Release */ = {
			isa = XCBuildConfiguration;
			buildSettings = {
				ALWAYS_EMBED_SWIFT_STANDARD_LIBRARIES = YES;
				BUNDLE_LOADER = "$(TEST_HOST)";
				CODE_SIGN_STYLE = Automatic;
				DEVELOPMENT_TEAM = 2QPYZY5Q25;
				INFOPLIST_FILE = ArloTestTests/Info.plist;
				IPHONEOS_DEPLOYMENT_TARGET = 13.2;
				LD_RUNPATH_SEARCH_PATHS = (
					"$(inherited)",
					"@executable_path/Frameworks",
					"@loader_path/Frameworks",
				);
				PRODUCT_BUNDLE_IDENTIFIER = com.lee.ArloTestTests;
				PRODUCT_NAME = "$(TARGET_NAME)";
				SWIFT_VERSION = 5.0;
				TARGETED_DEVICE_FAMILY = "1,2";
				TEST_HOST = "$(BUILT_PRODUCTS_DIR)/ArloTest.app/ArloTest";
			};
			name = Release;
		};
/* End XCBuildConfiguration section */

/* Begin XCConfigurationList section */
		39E5AA4B242D0F4D00741166 /* Build configuration list for PBXProject "ArloTest" */ = {
			isa = XCConfigurationList;
			buildConfigurations = (
				39E5AA6D242D0F4F00741166 /* Debug */,
				39E5AA6E242D0F4F00741166 /* Release */,
			);
			defaultConfigurationIsVisible = 0;
			defaultConfigurationName = Release;
		};
		39E5AA6F242D0F4F00741166 /* Build configuration list for PBXNativeTarget "ArloTest" */ = {
			isa = XCConfigurationList;
			buildConfigurations = (
				39E5AA70242D0F4F00741166 /* Debug */,
				39E5AA71242D0F4F00741166 /* Release */,
			);
			defaultConfigurationIsVisible = 0;
			defaultConfigurationName = Release;
		};
		39E5AA72242D0F4F00741166 /* Build configuration list for PBXNativeTarget "ArloTestTests" */ = {
			isa = XCConfigurationList;
			buildConfigurations = (
				39E5AA73242D0F4F00741166 /* Debug */,
				39E5AA74242D0F4F00741166 /* Release */,
			);
			defaultConfigurationIsVisible = 0;
			defaultConfigurationName = Release;
		};
/* End XCConfigurationList section */
	};
	rootObject = 39E5AA48242D0F4D00741166 /* Project object */;
}
